
Microsoft Visual Studio Solution File, Format Version 12.00
# Visual Studio Version 16
VisualStudioVersion = 16.0.29306.81
MinimumVisualStudioVersion = 10.0.40219.1
Project("{FAE04EC0-301F-11D3-BF4B-00C04F79EFBC}") = "CA20211018", "CA20211018\CA20211018.csproj", "{F42A34F0-50EF-4558-A6FD-305F8CBDA41B}"
EndProject
Global
	GlobalSection(SolutionConfigurationPlatforms) = preSolution
		Debug|Any CPU = Debug|Any CPU
		Release|Any CPU = Release|Any CPU
	EndGlobalSection
	GlobalSection(ProjectConfigurationPlatforms) = postSolution
		{F42A34F0-50EF-4558-A6FD-305F8CBDA41B}.Debug|Any CPU.ActiveCfg = Debug|Any CPU
		{F42A34F0-50EF-4558-A6FD-305F8CBDA41B}.Debug|Any CPU.Build.0 = Debug|Any CPU
		{F42A34F0-50EF-4558-A6FD-305F8CBDA41B}.Release|Any CPU.ActiveCfg = Release|Any CPU
		{F42A34F0-50EF-4558-A6FD-305F8CBDA41B}.Release|Any CPU.Build.0 = Release|Any CPU
	EndGlobalSection
	GlobalSection(SolutionProperties) = preSolution
		HideSolutionNode = FALSE
	EndGlobalSection
	GlobalSection(ExtensibilityGlobals) = postSolution
		SolutionGuid = {7705080B-4A36-4286-A5F3-B55FB29AE602}
	EndGlobalSection
EndGlobal
